
Microsoft Visual Studio Solution File, Format Version 12.00
# Visual Studio 15
Project("{FAE04EC0-301F-11D3-BF4B-00C04F79EFBC}") = "Assembly-CSharp", "Assembly-CSharp.csproj", "{6BEF391D-E147-2DD8-26BF-C48B95D1D140}"
EndProject
Project("{FAE04EC0-301F-11D3-BF4B-00C04F79EFBC}") = "Assembly-CSharp-Editor", "Assembly-CSharp-Editor.csproj", "{5980FB12-8EFB-6F8C-05B9-3B933E818FD4}"
EndProject
Global
	GlobalSection(SolutionConfigurationPlatforms) = preSolution
		Debug|Any CPU = Debug|Any CPU
		Release|Any CPU = Release|Any CPU
	EndGlobalSection
	GlobalSection(ProjectConfigurationPlatforms) = postSolution
		{6BEF391D-E147-2DD8-26BF-C48B95D1D140}.Debug|Any CPU.ActiveCfg = Debug|Any CPU
		{6BEF391D-E147-2DD8-26BF-C48B95D1D140}.Debug|Any CPU.Build.0 = Debug|Any CPU
		{6BEF391D-E147-2DD8-26BF-C48B95D1D140}.Release|Any CPU.ActiveCfg = Release|Any CPU
		{6BEF391D-E147-2DD8-26BF-C48B95D1D140}.Release|Any CPU.Build.0 = Release|Any CPU
		{5980FB12-8EFB-6F8C-05B9-3B933E818FD4}.Debug|Any CPU.ActiveCfg = Debug|Any CPU
		{5980FB12-8EFB-6F8C-05B9-3B933E818FD4}.Debug|Any CPU.Build.0 = Debug|Any CPU
		{5980FB12-8EFB-6F8C-05B9-3B933E818FD4}.Release|Any CPU.ActiveCfg = Release|Any CPU
		{5980FB12-8EFB-6F8C-05B9-3B933E818FD4}.Release|Any CPU.Build.0 = Release|Any CPU
	EndGlobalSection
	GlobalSection(SolutionProperties) = preSolution
		HideSolutionNode = FALSE
	EndGlobalSection
EndGlobal
